# THIS IS AN AUTOGENERATED FILE. DO NOT EDIT THIS FILE DIRECTLY.
# yarn lockfile v1


cctx@^1.0.1:
  version "1.0.1"
  resolved "https://registry.yarnpkg.com/cctx/-/cctx-1.0.1.tgz#05676cdcf8a05c815ac01b34062abdd44c376159"
  integrity sha512-AcWAyflX8kGUaYMyvCLzRpcOe4MyMYioPzqoQ8AIrNFSQS2ddKLW46fIKc4wiTPai6b/Pebx2acBc1vPjGWGpA==

ccxt@^1.63.20:
  version "1.63.20"
  resolved "https://registry.yarnpkg.com/ccxt/-/ccxt-1.63.20.tgz#7410273b58bbf0a4c44667b99705283c02ce20d8"
  integrity sha512-xEjxX065mbnqxV+q/YhpRVuQOlmAFKZD2dk/L86qW+p5bVyLmsKeBF05mPrnFSgTTM/rLFI6J+4RyMAOBRrClw==

minimist@~0.0.1:
  version "0.0.10"
  resolved "https://registry.yarnpkg.com/minimist/-/minimist-0.0.10.tgz#de3f98543dbf96082be48ad1a0c7cda836301dcf"
  integrity sha1-3j+YVD2/lggr5IrRoMfNqDYwHc8=

optimist@^0.6.1:
  version "0.6.1"
  resolved "https://registry.yarnpkg.com/optimist/-/optimist-0.6.1.tgz#da3ea74686fa21a19a111c326e90eb15a0196686"
  integrity sha1-2j6nRob6IaGaERwybpDrFaAZZoY=
  dependencies:
    minimist "~0.0.1"
    wordwrap "~0.0.2"

wordwrap@~0.0.2:
  version "0.0.3"
  resolved "https://registry.yarnpkg.com/wordwrap/-/wordwrap-0.0.3.tgz#a3d5da6cd5c0bc0008d37234bbaf1bed63059107"
  integrity sha1-o9XabNXAvAAI03I0u68b7WMFkQc=
